// !$*UTF8*$!
{
	archiveVersion = 1;
	classes = {
	};
	objectVersion = 46;
	objects = {

/* Begin PBXBuildFile section */
		00712A491ADF493D00C988A5 /* AppDelegate.swift in Sources */ = {isa = PBXBuildFile; fileRef = 00712A481ADF493D00C988A5 /* AppDelegate.swift */; };
		00712A4E1ADF493D00C988A5 /* Main.storyboard in Resources */ = {isa = PBXBuildFile; fileRef = 00712A4C1ADF493D00C988A5 /* Main.storyboard */; };
		00712A501ADF493D00C988A5 /* Images.xcassets in Resources */ = {isa = PBXBuildFile; fileRef = 00712A4F1ADF493D00C988A5 /* Images.xcassets */; };
		00712A531ADF493D00C988A5 /* LaunchScreen.xib in Resources */ = {isa = PBXBuildFile; fileRef = 00712A511ADF493D00C988A5 /* LaunchScreen.xib */; };
		00712A5F1ADF493D00C988A5 /* FlickrSearchTests.swift in Sources */ = {isa = PBXBuildFile; fileRef = 00712A5E1ADF493D00C988A5 /* FlickrSearchTests.swift */; };
		00712A6B1ADF548100C988A5 /* FlickrPhotosViewController.swift in Sources */ = {isa = PBXBuildFile; fileRef = 00712A6A1ADF548100C988A5 /* FlickrPhotosViewController.swift */; };
		00712A6D1ADF579400C988A5 /* FlickrSearcher.swift in Sources */ = {isa = PBXBuildFile; fileRef = 00712A6C1ADF579400C988A5 /* FlickrSearcher.swift */; };
		00712A6F1ADF631400C988A5 /* FlickrPhotoCell.swift in Sources */ = {isa = PBXBuildFile; fileRef = 00712A6E1ADF631400C988A5 /* FlickrPhotoCell.swift */; };
/* End PBXBuildFile section */

/* Begin PBXContainerItemProxy section */
		00712A591ADF493D00C988A5 /* PBXContainerItemProxy */ = {
			isa = PBXContainerItemProxy;
			containerPortal = 00712A3B1ADF493D00C988A5 /* Project object */;
			proxyType = 1;
			remoteGlobalIDString = 00712A421ADF493D00C988A5;
			remoteInfo = FlickrSearch;
		};
/* End PBXContainerItemProxy section */

/* Begin PBXFileReference section */
		00712A431ADF493D00C988A5 /* FlickrSearch.app */ = {isa = PBXFileReference; explicitFileType = wrapper.application; includeInIndex = 0; path = FlickrSearch.app; sourceTree = BUILT_PRODUCTS_DIR; };
		00712A471ADF493D00C988A5 /* Info.plist */ = {isa = PBXFileReference; lastKnownFileType = text.plist.xml; path = Info.plist; sourceTree = "<group>"; };
		00712A481ADF493D00C988A5 /* AppDelegate.swift */ = {isa = PBXFileReference; lastKnownFileType = sourcecode.swift; path = AppDelegate.swift; sourceTree = "<group>"; };
		00712A4D1ADF493D00C988A5 /* Base */ = {isa = PBXFileReference; lastKnownFileType = file.storyboard; name = Base; path = Base.lproj/Main.storyboard; sourceTree = "<group>"; };
		00712A4F1ADF493D00C988A5 /* Images.xcassets */ = {isa = PBXFileReference; lastKnownFileType = folder.assetcatalog; path = Images.xcassets; sourceTree = "<group>"; };
		00712A521ADF493D00C988A5 /* Base */ = {isa = PBXFileReference; lastKnownFileType = file.xib; name = Base; path = Base.lproj/LaunchScreen.xib; sourceTree = "<group>"; };
		00712A581ADF493D00C988A5 /* FlickrSearchTests.xctest */ = {isa = PBXFileReference; explicitFileType = wrapper.cfbundle; includeInIndex = 0; path = FlickrSearchTests.xctest; sourceTree = BUILT_PRODUCTS_DIR; };
		00712A5D1ADF493D00C988A5 /* Info.plist */ = {isa = PBXFileReference; lastKnownFileType = text.plist.xml; path = Info.plist; sourceTree = "<group>"; };
		00712A5E1ADF493D00C988A5 /* FlickrSearchTests.swift */ = {isa = PBXFileReference; lastKnownFileType = sourcecode.swift; path = FlickrSearchTests.swift; sourceTree = "<group>"; };
		00712A6A1ADF548100C988A5 /* FlickrPhotosViewController.swift */ = {isa = PBXFileReference; fileEncoding = 4; lastKnownFileType = sourcecode.swift; path = FlickrPhotosViewController.swift; sourceTree = "<group>"; };
		00712A6C1ADF579400C988A5 /* FlickrSearcher.swift */ = {isa = PBXFileReference; fileEncoding = 4; lastKnownFileType = sourcecode.swift; path = FlickrSearcher.swift; sourceTree = "<group>"; };
		00712A6E1ADF631400C988A5 /* FlickrPhotoCell.swift */ = {isa = PBXFileReference; fileEncoding = 4; lastKnownFileType = sourcecode.swift; path = FlickrPhotoCell.swift; sourceTree = "<group>"; };
		EFD82E061AE053D600EFC077 /* FlickrPlayground.playground */ = {isa = PBXFileReference; lastKnownFileType = file.playground; path = FlickrPlayground.playground; sourceTree = "<group>"; };
/* End PBXFileReference section */

/* Begin PBXFrameworksBuildPhase section */
		00712A401ADF493D00C988A5 /* Frameworks */ = {
			isa = PBXFrameworksBuildPhase;
			buildActionMask = 2147483647;
			files = (
			);
			runOnlyForDeploymentPostprocessing = 0;
		};
		00712A551ADF493D00C988A5 /* Frameworks */ = {
			isa = PBXFrameworksBuildPhase;
			buildActionMask = 2147483647;
			files = (
			);
			runOnlyForDeploymentPostprocessing = 0;
		};
/* End PBXFrameworksBuildPhase section */

/* Begin PBXGroup section */
		00712A3A1ADF493D00C988A5 = {
			isa = PBXGroup;
			children = (
				EFD82E061AE053D600EFC077 /* FlickrPlayground.playground */,
				00712A451ADF493D00C988A5 /* FlickrSearch */,
				00712A5B1ADF493D00C988A5 /* FlickrSearchTests */,
				00712A441ADF493D00C988A5 /* Products */,
			);
			sourceTree = "<group>";
		};
		00712A441ADF493D00C988A5 /* Products */ = {
			isa = PBXGroup;
			children = (
				00712A431ADF493D00C988A5 /* FlickrSearch.app */,
				00712A581ADF493D00C988A5 /* FlickrSearchTests.xctest */,
			);
			name = Products;
			sourceTree = "<group>";
		};
		00712A451ADF493D00C988A5 /* FlickrSearch */ = {
			isa = PBXGroup;
			children = (
				00712A6C1ADF579400C988A5 /* FlickrSearcher.swift */,
				00712A6A1ADF548100C988A5 /* FlickrPhotosViewController.swift */,
				00712A481ADF493D00C988A5 /* AppDelegate.swift */,
				00712A4C1ADF493D00C988A5 /* Main.storyboard */,
				00712A6E1ADF631400C988A5 /* FlickrPhotoCell.swift */,
				00712A4F1ADF493D00C988A5 /* Images.xcassets */,
				00712A511ADF493D00C988A5 /* LaunchScreen.xib */,
				00712A461ADF493D00C988A5 /* Supporting Files */,
			);
			path = FlickrSearch;
			sourceTree = "<group>";
		};
		00712A461ADF493D00C988A5 /* Supporting Files */ = {
			isa = PBXGroup;
			children = (
				00712A471ADF493D00C988A5 /* Info.plist */,
			);
			name = "Supporting Files";
			sourceTree = "<group>";
		};
		00712A5B1ADF493D00C988A5 /* FlickrSearchTests */ = {
			isa = PBXGroup;
			children = (
				00712A5E1ADF493D00C988A5 /* FlickrSearchTests.swift */,
				00712A5C1ADF493D00C988A5 /* Supporting Files */,
			);
			path = FlickrSearchTests;
			sourceTree = "<group>";
		};
		00712A5C1ADF493D00C988A5 /* Supporting Files */ = {
			isa = PBXGroup;
			children = (
				00712A5D1ADF493D00C988A5 /* Info.plist */,
			);
			name = "Supporting Files";
			sourceTree = "<group>";
		};
/* End PBXGroup section */

/* Begin PBXNativeTarget section */
		00712A421ADF493D00C988A5 /* FlickrSearch */ = {
			isa = PBXNativeTarget;
			buildConfigurationList = 00712A621ADF493D00C988A5 /* Build configuration list for PBXNativeTarget "FlickrSearch" */;
			buildPhases = (
				00712A3F1ADF493D00C988A5 /* Sources */,
				00712A401ADF493D00C988A5 /* Frameworks */,
				00712A411ADF493D00C988A5 /* Resources */,
			);
			buildRules = (
			);
			dependencies = (
			);
			name = FlickrSearch;
			productName = FlickrSearch;
			productReference = 00712A431ADF493D00C988A5 /* FlickrSearch.app */;
			productType = "com.apple.product-type.application";
		};
		00712A571ADF493D00C988A5 /* FlickrSearchTests */ = {
			isa = PBXNativeTarget;
			buildConfigurationList = 00712A651ADF493D00C988A5 /* Build configuration list for PBXNativeTarget "FlickrSearchTests" */;
			buildPhases = (
				00712A541ADF493D00C988A5 /* Sources */,
				00712A551ADF493D00C988A5 /* Frameworks */,
				00712A561ADF493D00C988A5 /* Resources */,
			);
			buildRules = (
			);
			dependencies = (
				00712A5A1ADF493D00C988A5 /* PBXTargetDependency */,
			);
			name = FlickrSearchTests;
			productName = FlickrSearchTests;
			productReference = 00712A581ADF493D00C988A5 /* FlickrSearchTests.xctest */;
			productType = "com.apple.product-type.bundle.unit-test";
		};
/* End PBXNativeTarget section */

/* Begin PBXProject section */
		00712A3B1ADF493D00C988A5 /* Project object */ = {
			isa = PBXProject;
			attributes = {
				LastUpgradeCheck = 0630;
				ORGANIZATIONNAME = manatee;
				TargetAttributes = {
					00712A421ADF493D00C988A5 = {
						CreatedOnToolsVersion = 6.3;
					};
					00712A571ADF493D00C988A5 = {
						CreatedOnToolsVersion = 6.3;
						TestTargetID = 00712A421ADF493D00C988A5;
					};
				};
			};
			buildConfigurationList = 00712A3E1ADF493D00C988A5 /* Build configuration list for PBXProject "FlickrSearch" */;
			compatibilityVersion = "Xcode 3.2";
			developmentRegion = English;
			hasScannedForEncodings = 0;
			knownRegions = (
				en,
				Base,
			);
			mainGroup = 00712A3A1ADF493D00C988A5;
			productRefGroup = 00712A441ADF493D00C988A5 /* Products */;
			projectDirPath = "";
			projectRoot = "";
			targets = (
				00712A421ADF493D00C988A5 /* FlickrSearch */,
				00712A571ADF493D00C988A5 /* FlickrSearchTests */,
			);
		};
/* End PBXProject section */

/* Begin PBXResourcesBuildPhase section */
		00712A411ADF493D00C988A5 /* Resources */ = {
			isa = PBXResourcesBuildPhase;
			buildActionMask = 2147483647;
			files = (
				00712A4E1ADF493D00C988A5 /* Main.storyboard in Resources */,
				00712A531ADF493D00C988A5 /* LaunchScreen.xib in Resources */,
				00712A501ADF493D00C988A5 /* Images.xcassets in Resources */,
			);
			runOnlyForDeploymentPostprocessing = 0;
		};
		00712A561ADF493D00C988A5 /* Resources */ = {
			isa = PBXResourcesBuildPhase;
			buildActionMask = 2147483647;
			files = (
			);
			runOnlyForDeploymentPostprocessing = 0;
		};
/* End PBXResourcesBuildPhase section */

/* Begin PBXSourcesBuildPhase section */
		00712A3F1ADF493D00C988A5 /* Sources */ = {
			isa = PBXSourcesBuildPhase;
			buildActionMask = 2147483647;
			files = (
				00712A6D1ADF579400C988A5 /* FlickrSearcher.swift in Sources */,
				00712A6F1ADF631400C988A5 /* FlickrPhotoCell.swift in Sources */,
				00712A6B1ADF548100C988A5 /* FlickrPhotosViewController.swift in Sources */,
				00712A491ADF493D00C988A5 /* AppDelegate.swift in Sources */,
			);
			runOnlyForDeploymentPostprocessing = 0;
		};
		00712A541ADF493D00C988A5 /* Sources */ = {
			isa = PBXSourcesBuildPhase;
			buildActionMask = 2147483647;
			files = (
				00712A5F1ADF493D00C988A5 /* FlickrSearchTests.swift in Sources */,
			);
			runOnlyForDeploymentPostprocessing = 0;
		};
/* End PBXSourcesBuildPhase section */

/* Begin PBXTargetDependency section */
		00712A5A1ADF493D00C988A5 /* PBXTargetDependency */ = {
			isa = PBXTargetDependency;
			target = 00712A421ADF493D00C988A5 /* FlickrSearch */;
			targetProxy = 00712A591ADF493D00C988A5 /* PBXContainerItemProxy */;
		};
/* End PBXTargetDependency section */

/* Begin PBXVariantGroup section */
		00712A4C1ADF493D00C988A5 /* Main.storyboard */ = {
			isa = PBXVariantGroup;
			children = (
				00712A4D1ADF493D00C988A5 /* Base */,
			);
			name = Main.storyboard;
			sourceTree = "<group>";
		};
		00712A511ADF493D00C988A5 /* LaunchScreen.xib */ = {
			isa = PBXVariantGroup;
			children = (
				00712A521ADF493D00C988A5 /* Base */,
			);
			name = LaunchScreen.xib;
			sourceTree = "<group>";
		};
/* End PBXVariantGroup section */

/* Begin XCBuildConfiguration section */
		00712A601ADF493D00C988A5 /* Debug */ = {
			isa = XCBuildConfiguration;
			buildSettings = {
				ALWAYS_SEARCH_USER_PATHS = NO;
				CLANG_CXX_LANGUAGE_STANDARD = "gnu++0x";
				CLANG_CXX_LIBRARY = "libc++";
				CLANG_ENABLE_MODULES = YES;
				CLANG_ENABLE_OBJC_ARC = YES;
				CLANG_WARN_BOOL_CONVERSION = YES;
				CLANG_WARN_CONSTANT_CONVERSION = YES;
				CLANG_WARN_DIRECT_OBJC_ISA_USAGE = YES_ERROR;
				CLANG_WARN_EMPTY_BODY = YES;
				CLANG_WARN_ENUM_CONVERSION = YES;
				CLANG_WARN_INT_CONVERSION = YES;
				CLANG_WARN_OBJC_ROOT_CLASS = YES_ERROR;
				CLANG_WARN_UNREACHABLE_CODE = YES;
				CLANG_WARN__DUPLICATE_METHOD_MATCH = YES;
				"CODE_SIGN_IDENTITY[sdk=iphoneos*]" = "iPhone Developer";
				COPY_PHASE_STRIP = NO;
				DEBUG_INFORMATION_FORMAT = "dwarf-with-dsym";
				ENABLE_STRICT_OBJC_MSGSEND = YES;
				GCC_C_LANGUAGE_STANDARD = gnu99;
				GCC_DYNAMIC_NO_PIC = NO;
				GCC_NO_COMMON_BLOCKS = YES;
				GCC_OPTIMIZATION_LEVEL = 0;
				GCC_PREPROCESSOR_DEFINITIONS = (
					"DEBUG=1",
					"$(inherited)",
				);
				GCC_SYMBOLS_PRIVATE_EXTERN = NO;
				GCC_WARN_64_TO_32_BIT_CONVERSION = YES;
				GCC_WARN_ABOUT_RETURN_TYPE = YES_ERROR;
				GCC_WARN_UNDECLARED_SELECTOR = YES;
				GCC_WARN_UNINITIALIZED_AUTOS = YES_AGGRESSIVE;
				GCC_WARN_UNUSED_FUNCTION = YES;
				GCC_WARN_UNUSED_VARIABLE = YES;
				IPHONEOS_DEPLOYMENT_TARGET = 8.3;
				MTL_ENABLE_DEBUG_INFO = YES;
				ONLY_ACTIVE_ARCH = YES;
				SDKROOT = iphoneos;
				SWIFT_OPTIMIZATION_LEVEL = "-Onone";
				TARGETED_DEVICE_FAMILY = 2;
			};
			name = Debug;
		};
		00712A611ADF493D00C988A5 /* Release */ = {
			isa = XCBuildConfiguration;
			buildSettings = {
				ALWAYS_SEARCH_USER_PATHS = NO;
				CLANG_CXX_LANGUAGE_STANDARD = "gnu++0x";
				CLANG_CXX_LIBRARY = "libc++";
				CLANG_ENABLE_MODULES = YES;
				CLANG_ENABLE_OBJC_ARC = YES;
				CLANG_WARN_BOOL_CONVERSION = YES;
				CLANG_WARN_CONSTANT_CONVERSION = YES;
				CLANG_WARN_DIRECT_OBJC_ISA_USAGE = YES_ERROR;
				CLANG_WARN_EMPTY_BODY = YES;
				CLANG_WARN_ENUM_CONVERSION = YES;
				CLANG_WARN_INT_CONVERSION = YES;
				CLANG_WARN_OBJC_ROOT_CLASS = YES_ERROR;
				CLANG_WARN_UNREACHABLE_CODE = YES;
				CLANG_WARN__DUPLICATE_METHOD_MATCH = YES;
				"CODE_SIGN_IDENTITY[sdk=iphoneos*]" = "iPhone Developer";
				COPY_PHASE_STRIP = NO;
				DEBUG_INFORMATION_FORMAT = "dwarf-with-dsym";
				ENABLE_NS_ASSERTIONS = NO;
				ENABLE_STRICT_OBJC_MSGSEND = YES;
				GCC_C_LANGUAGE_STANDARD = gnu99;
				GCC_NO_COMMON_BLOCKS = YES;
				GCC_WARN_64_TO_32_BIT_CONVERSION = YES;
				GCC_WARN_ABOUT_RETURN_TYPE = YES_ERROR;
				GCC_WARN_UNDECLARED_SELECTOR = YES;
				GCC_WARN_UNINITIALIZED_AUTOS = YES_AGGRESSIVE;
				GCC_WARN_UNUSED_FUNCTION = YES;
				GCC_WARN_UNUSED_VARIABLE = YES;
				IPHONEOS_DEPLOYMENT_TARGET = 8.3;
				MTL_ENABLE_DEBUG_INFO = NO;
				SDKROOT = iphoneos;
				TARGETED_DEVICE_FAMILY = 2;
				VALIDATE_PRODUCT = YES;
			};
			name = Release;
		};
		00712A631ADF493D00C988A5 /* Debug */ = {
			isa = XCBuildConfiguration;
			buildSettings = {
				ASSETCATALOG_COMPILER_APPICON_NAME = AppIcon;
				INFOPLIST_FILE = FlickrSearch/Info.plist;
				LD_RUNPATH_SEARCH_PATHS = "$(inherited) @executable_path/Frameworks";
				PRODUCT_NAME = "$(TARGET_NAME)";
			};
			name = Debug;
		};
		00712A641ADF493D00C988A5 /* Release */ = {
			isa = XCBuildConfiguration;
			buildSettings = {
				ASSETCATALOG_COMPILER_APPICON_NAME = AppIcon;
				INFOPLIST_FILE = FlickrSearch/Info.plist;
				LD_RUNPATH_SEARCH_PATHS = "$(inherited) @executable_path/Frameworks";
				PRODUCT_NAME = "$(TARGET_NAME)";
			};
			name = Release;
		};
		00712A661ADF493D00C988A5 /* Debug */ = {
			isa = XCBuildConfiguration;
			buildSettings = {
				BUNDLE_LOADER = "$(TEST_HOST)";
				FRAMEWORK_SEARCH_PATHS = (
					"$(SDKROOT)/Developer/Library/Frameworks",
					"$(inherited)",
				);
				GCC_PREPROCESSOR_DEFINITIONS = (
					"DEBUG=1",
					"$(inherited)",
				);
				INFOPLIST_FILE = FlickrSearchTests/Info.plist;
				LD_RUNPATH_SEARCH_PATHS = "$(inherited) @executable_path/Frameworks @loader_path/Frameworks";
				PRODUCT_NAME = "$(TARGET_NAME)";
				TEST_HOST = "$(BUILT_PRODUCTS_DIR)/FlickrSearch.app/FlickrSearch";
			};
			name = Debug;
		};
		00712A671ADF493D00C988A5 /* Release */ = {
			isa = XCBuildConfiguration;
			buildSettings = {
				BUNDLE_LOADER = "$(TEST_HOST)";
				FRAMEWORK_SEARCH_PATHS = (
					"$(SDKROOT)/Developer/Library/Frameworks",
					"$(inherited)",
				);
				INFOPLIST_FILE = FlickrSearchTests/Info.plist;
				LD_RUNPATH_SEARCH_PATHS = "$(inherited) @executable_path/Frameworks @loader_path/Frameworks";
				PRODUCT_NAME = "$(TARGET_NAME)";
				TEST_HOST = "$(BUILT_PRODUCTS_DIR)/FlickrSearch.app/FlickrSearch";
			};
			name = Release;
		};
/* End XCBuildConfiguration section */

/* Begin XCConfigurationList section */
		00712A3E1ADF493D00C988A5 /* Build configuration list for PBXProject "FlickrSearch" */ = {
			isa = XCConfigurationList;
			buildConfigurations = (
				00712A601ADF493D00C988A5 /* Debug */,
				00712A611ADF493D00C988A5 /* Release */,
			);
			defaultConfigurationIsVisible = 0;
			defaultConfigurationName = Release;
		};
		00712A621ADF493D00C988A5 /* Build configuration list for PBXNativeTarget "FlickrSearch" */ = {
			isa = XCConfigurationList;
			buildConfigurations = (
				00712A631ADF493D00C988A5 /* Debug */,
				00712A641ADF493D00C988A5 /* Release */,
			);
			defaultConfigurationIsVisible = 0;
			defaultConfigurationName = Release;
		};
		00712A651ADF493D00C988A5 /* Build configuration list for PBXNativeTarget "FlickrSearchTests" */ = {
			isa = XCConfigurationList;
			buildConfigurations = (
				00712A661ADF493D00C988A5 /* Debug */,
				00712A671ADF493D00C988A5 /* Release */,
			);
			defaultConfigurationIsVisible = 0;
			defaultConfigurationName = Release;
		};
/* End XCConfigurationList section */
	};
	rootObject = 00712A3B1ADF493D00C988A5 /* Project object */;
}
